// !$*UTF8*$!
{
	archiveVersion = 1;
	classes = {
	};
	objectVersion = 56;
	objects = {

/* Begin PBXBuildFile section */
		F98A2F192B1E9D88005459DC /* AppDelegate.swift in Sources */ = {isa = PBXBuildFile; fileRef = F98A2F182B1E9D88005459DC /* AppDelegate.swift */; };
		F98A2F1B2B1E9D88005459DC /* ContentView.swift in Sources */ = {isa = PBXBuildFile; fileRef = F98A2F1A2B1E9D88005459DC /* ContentView.swift */; };
		F98A2F1D2B1E9D89005459DC /* Assets.xcassets in Resources */ = {isa = PBXBuildFile; fileRef = F98A2F1C2B1E9D89005459DC /* Assets.xcassets */; };
		F98A2F202B1E9D89005459DC /* Preview Assets.xcassets in Resources */ = {isa = PBXBuildFile; fileRef = F98A2F1F2B1E9D89005459DC /* Preview Assets.xcassets */; };
		F98A2F2A2B1E9D89005459DC /* ARPetsTests.swift in Sources */ = {isa = PBXBuildFile; fileRef = F98A2F292B1E9D89005459DC /* ARPetsTests.swift */; };
		F98A2F342B1E9D89005459DC /* ARPetsUITests.swift in Sources */ = {isa = PBXBuildFile; fileRef = F98A2F332B1E9D89005459DC /* ARPetsUITests.swift */; };
		F98A2F362B1E9D89005459DC /* ARPetsUITestsLaunchTests.swift in Sources */ = {isa = PBXBuildFile; fileRef = F98A2F352B1E9D89005459DC /* ARPetsUITestsLaunchTests.swift */; };
		F98A2F432B1EBEBD005459DC /* JCUBE_Maneki.usdz in Resources */ = {isa = PBXBuildFile; fileRef = F98A2F422B1EBEBD005459DC /* JCUBE_Maneki.usdz */; };
		F98A2F452B1EBEDC005459DC /* maneki_anim.usd in Resources */ = {isa = PBXBuildFile; fileRef = F98A2F442B1EBEDC005459DC /* maneki_anim.usd */; };
		F98A2F472B1EBEEE005459DC /* robot_walk_idle.usdz in Resources */ = {isa = PBXBuildFile; fileRef = F98A2F462B1EBEEE005459DC /* robot_walk_idle.usdz */; };
		F98A2F492B1EBFF9005459DC /* toy_drummer_idle.usdz in Resources */ = {isa = PBXBuildFile; fileRef = F98A2F482B1EBFF9005459DC /* toy_drummer_idle.usdz */; };
		F98A2F4B2B1EC00B005459DC /* toy_car.usdz in Resources */ = {isa = PBXBuildFile; fileRef = F98A2F4A2B1EC00B005459DC /* toy_car.usdz */; };
		F98A2F4D2B1EC01B005459DC /* toy_biplane_idle.usdz in Resources */ = {isa = PBXBuildFile; fileRef = F98A2F4C2B1EC01B005459DC /* toy_biplane_idle.usdz */; };
/* End PBXBuildFile section */

/* Begin PBXContainerItemProxy section */
		F98A2F262B1E9D89005459DC /* PBXContainerItemProxy */ = {
			isa = PBXContainerItemProxy;
			containerPortal = F98A2F0D2B1E9D88005459DC /* Project object */;
			proxyType = 1;
			remoteGlobalIDString = F98A2F142B1E9D88005459DC;
			remoteInfo = ARPets;
		};
		F98A2F302B1E9D89005459DC /* PBXContainerItemProxy */ = {
			isa = PBXContainerItemProxy;
			containerPortal = F98A2F0D2B1E9D88005459DC /* Project object */;
			proxyType = 1;
			remoteGlobalIDString = F98A2F142B1E9D88005459DC;
			remoteInfo = ARPets;
		};
/* End PBXContainerItemProxy section */

/* Begin PBXFileReference section */
		F98A2F152B1E9D88005459DC /* ARPets.app */ = {isa = PBXFileReference; explicitFileType = wrapper.application; includeInIndex = 0; path = ARPets.app; sourceTree = BUILT_PRODUCTS_DIR; };
		F98A2F182B1E9D88005459DC /* AppDelegate.swift */ = {isa = PBXFileReference; lastKnownFileType = sourcecode.swift; path = AppDelegate.swift; sourceTree = "<group>"; };
		F98A2F1A2B1E9D88005459DC /* ContentView.swift */ = {isa = PBXFileReference; lastKnownFileType = sourcecode.swift; path = ContentView.swift; sourceTree = "<group>"; };
		F98A2F1C2B1E9D89005459DC /* Assets.xcassets */ = {isa = PBXFileReference; lastKnownFileType = folder.assetcatalog; path = Assets.xcassets; sourceTree = "<group>"; };
		F98A2F1F2B1E9D89005459DC /* Preview Assets.xcassets */ = {isa = PBXFileReference; lastKnownFileType = folder.assetcatalog; path = "Preview Assets.xcassets"; sourceTree = "<group>"; };
		F98A2F252B1E9D89005459DC /* ARPetsTests.xctest */ = {isa = PBXFileReference; explicitFileType = wrapper.cfbundle; includeInIndex = 0; path = ARPetsTests.xctest; sourceTree = BUILT_PRODUCTS_DIR; };
		F98A2F292B1E9D89005459DC /* ARPetsTests.swift */ = {isa = PBXFileReference; lastKnownFileType = sourcecode.swift; path = ARPetsTests.swift; sourceTree = "<group>"; };
		F98A2F2F2B1E9D89005459DC /* ARPetsUITests.xctest */ = {isa = PBXFileReference; explicitFileType = wrapper.cfbundle; includeInIndex = 0; path = ARPetsUITests.xctest; sourceTree = BUILT_PRODUCTS_DIR; };
		F98A2F332B1E9D89005459DC /* ARPetsUITests.swift */ = {isa = PBXFileReference; lastKnownFileType = sourcecode.swift; path = ARPetsUITests.swift; sourceTree = "<group>"; };
		F98A2F352B1E9D89005459DC /* ARPetsUITestsLaunchTests.swift */ = {isa = PBXFileReference; lastKnownFileType = sourcecode.swift; path = ARPetsUITestsLaunchTests.swift; sourceTree = "<group>"; };
		F98A2F422B1EBEBD005459DC /* JCUBE_Maneki.usdz */ = {isa = PBXFileReference; lastKnownFileType = file.usdz; path = JCUBE_Maneki.usdz; sourceTree = "<group>"; };
		F98A2F442B1EBEDC005459DC /* maneki_anim.usd */ = {isa = PBXFileReference; lastKnownFileType = file; path = maneki_anim.usd; sourceTree = "<group>"; };
		F98A2F462B1EBEEE005459DC /* robot_walk_idle.usdz */ = {isa = PBXFileReference; lastKnownFileType = file.usdz; path = robot_walk_idle.usdz; sourceTree = "<group>"; };
		F98A2F482B1EBFF9005459DC /* toy_drummer_idle.usdz */ = {isa = PBXFileReference; lastKnownFileType = file.usdz; path = toy_drummer_idle.usdz; sourceTree = "<group>"; };
		F98A2F4A2B1EC00B005459DC /* toy_car.usdz */ = {isa = PBXFileReference; lastKnownFileType = file.usdz; path = toy_car.usdz; sourceTree = "<group>"; };
		F98A2F4C2B1EC01B005459DC /* toy_biplane_idle.usdz */ = {isa = PBXFileReference; lastKnownFileType = file.usdz; path = toy_biplane_idle.usdz; sourceTree = "<group>"; };
		F98A2F4E2B1ECAE1005459DC /* Info.plist */ = {isa = PBXFileReference; lastKnownFileType = text.plist; path = Info.plist; sourceTree = "<group>"; };
/* End PBXFileReference section */

/* Begin PBXFrameworksBuildPhase section */
		F98A2F122B1E9D88005459DC /* Frameworks */ = {
			isa = PBXFrameworksBuildPhase;
			buildActionMask = 2147483647;
			files = (
			);
			runOnlyForDeploymentPostprocessing = 0;
		};
		F98A2F222B1E9D89005459DC /* Frameworks */ = {
			isa = PBXFrameworksBuildPhase;
			buildActionMask = 2147483647;
			files = (
			);
			runOnlyForDeploymentPostprocessing = 0;
		};
		F98A2F2C2B1E9D89005459DC /* Frameworks */ = {
			isa = PBXFrameworksBuildPhase;
			buildActionMask = 2147483647;
			files = (
			);
			runOnlyForDeploymentPostprocessing = 0;
		};
/* End PBXFrameworksBuildPhase section */

/* Begin PBXGroup section */
		F98A2F0C2B1E9D88005459DC = {
			isa = PBXGroup;
			children = (
				F98A2F172B1E9D88005459DC /* ARPets */,
				F98A2F282B1E9D89005459DC /* ARPetsTests */,
				F98A2F322B1E9D89005459DC /* ARPetsUITests */,
				F98A2F162B1E9D88005459DC /* Products */,
			);
			sourceTree = "<group>";
		};
		F98A2F162B1E9D88005459DC /* Products */ = {
			isa = PBXGroup;
			children = (
				F98A2F152B1E9D88005459DC /* ARPets.app */,
				F98A2F252B1E9D89005459DC /* ARPetsTests.xctest */,
				F98A2F2F2B1E9D89005459DC /* ARPetsUITests.xctest */,
			);
			name = Products;
			sourceTree = "<group>";
		};
		F98A2F172B1E9D88005459DC /* ARPets */ = {
			isa = PBXGroup;
			children = (
				F98A2F4E2B1ECAE1005459DC /* Info.plist */,
				F98A2F182B1E9D88005459DC /* AppDelegate.swift */,
				F98A2F1A2B1E9D88005459DC /* ContentView.swift */,
				F98A2F1C2B1E9D89005459DC /* Assets.xcassets */,
				F98A2F1E2B1E9D89005459DC /* Preview Content */,
			);
			path = ARPets;
			sourceTree = "<group>";
		};
		F98A2F1E2B1E9D89005459DC /* Preview Content */ = {
			isa = PBXGroup;
			children = (
				F98A2F1F2B1E9D89005459DC /* Preview Assets.xcassets */,
				F98A2F482B1EBFF9005459DC /* toy_drummer_idle.usdz */,
				F98A2F462B1EBEEE005459DC /* robot_walk_idle.usdz */,
				F98A2F422B1EBEBD005459DC /* JCUBE_Maneki.usdz */,
				F98A2F4C2B1EC01B005459DC /* toy_biplane_idle.usdz */,
				F98A2F442B1EBEDC005459DC /* maneki_anim.usd */,
				F98A2F4A2B1EC00B005459DC /* toy_car.usdz */,
			);
			path = "Preview Content";
			sourceTree = "<group>";
		};
		F98A2F282B1E9D89005459DC /* ARPetsTests */ = {
			isa = PBXGroup;
			children = (
				F98A2F292B1E9D89005459DC /* ARPetsTests.swift */,
			);
			path = ARPetsTests;
			sourceTree = "<group>";
		};
		F98A2F322B1E9D89005459DC /* ARPetsUITests */ = {
			isa = PBXGroup;
			children = (
				F98A2F332B1E9D89005459DC /* ARPetsUITests.swift */,
				F98A2F352B1E9D89005459DC /* ARPetsUITestsLaunchTests.swift */,
			);
			path = ARPetsUITests;
			sourceTree = "<group>";
		};
/* End PBXGroup section */

/* Begin PBXNativeTarget section */
		F98A2F142B1E9D88005459DC /* ARPets */ = {
			isa = PBXNativeTarget;
			buildConfigurationList = F98A2F392B1E9D89005459DC /* Build configuration list for PBXNativeTarget "ARPets" */;
			buildPhases = (
				F98A2F112B1E9D88005459DC /* Sources */,
				F98A2F122B1E9D88005459DC /* Frameworks */,
				F98A2F132B1E9D88005459DC /* Resources */,
			);
			buildRules = (
			);
			dependencies = (
			);
			name = ARPets;
			productName = ARPets;
			productReference = F98A2F152B1E9D88005459DC /* ARPets.app */;
			productType = "com.apple.product-type.application";
		};
		F98A2F242B1E9D89005459DC /* ARPetsTests */ = {
			isa = PBXNativeTarget;
			buildConfigurationList = F98A2F3C2B1E9D89005459DC /* Build configuration list for PBXNativeTarget "ARPetsTests" */;
			buildPhases = (
				F98A2F212B1E9D89005459DC /* Sources */,
				F98A2F222B1E9D89005459DC /* Frameworks */,
				F98A2F232B1E9D89005459DC /* Resources */,
			);
			buildRules = (
			);
			dependencies = (
				F98A2F272B1E9D89005459DC /* PBXTargetDependency */,
			);
			name = ARPetsTests;
			productName = ARPetsTests;
			productReference = F98A2F252B1E9D89005459DC /* ARPetsTests.xctest */;
			productType = "com.apple.product-type.bundle.unit-test";
		};
		F98A2F2E2B1E9D89005459DC /* ARPetsUITests */ = {
			isa = PBXNativeTarget;
			buildConfigurationList = F98A2F3F2B1E9D89005459DC /* Build configuration list for PBXNativeTarget "ARPetsUITests" */;
			buildPhases = (
				F98A2F2B2B1E9D89005459DC /* Sources */,
				F98A2F2C2B1E9D89005459DC /* Frameworks */,
				F98A2F2D2B1E9D89005459DC /* Resources */,
			);
			buildRules = (
			);
			dependencies = (
				F98A2F312B1E9D89005459DC /* PBXTargetDependency */,
			);
			name = ARPetsUITests;
			productName = ARPetsUITests;
			productReference = F98A2F2F2B1E9D89005459DC /* ARPetsUITests.xctest */;
			productType = "com.apple.product-type.bundle.ui-testing";
		};
/* End PBXNativeTarget section */

/* Begin PBXProject section */
		F98A2F0D2B1E9D88005459DC /* Project object */ = {
			isa = PBXProject;
			attributes = {
				BuildIndependentTargetsInParallel = 1;
				LastSwiftUpdateCheck = 1500;
				LastUpgradeCheck = 1500;
				TargetAttributes = {
					F98A2F142B1E9D88005459DC = {
						CreatedOnToolsVersion = 15.0.1;
					};
					F98A2F242B1E9D89005459DC = {
						CreatedOnToolsVersion = 15.0.1;
						TestTargetID = F98A2F142B1E9D88005459DC;
					};
					F98A2F2E2B1E9D89005459DC = {
						CreatedOnToolsVersion = 15.0.1;
						TestTargetID = F98A2F142B1E9D88005459DC;
					};
				};
			};
			buildConfigurationList = F98A2F102B1E9D88005459DC /* Build configuration list for PBXProject "ARPets" */;
			compatibilityVersion = "Xcode 14.0";
			developmentRegion = en;
			hasScannedForEncodings = 0;
			knownRegions = (
				en,
				Base,
			);
			mainGroup = F98A2F0C2B1E9D88005459DC;
			productRefGroup = F98A2F162B1E9D88005459DC /* Products */;
			projectDirPath = "";
			projectRoot = "";
			targets = (
				F98A2F142B1E9D88005459DC /* ARPets */,
				F98A2F242B1E9D89005459DC /* ARPetsTests */,
				F98A2F2E2B1E9D89005459DC /* ARPetsUITests */,
			);
		};
/* End PBXProject section */

/* Begin PBXResourcesBuildPhase section */
		F98A2F132B1E9D88005459DC /* Resources */ = {
			isa = PBXResourcesBuildPhase;
			buildActionMask = 2147483647;
			files = (
				F98A2F202B1E9D89005459DC /* Preview Assets.xcassets in Resources */,
				F98A2F472B1EBEEE005459DC /* robot_walk_idle.usdz in Resources */,
				F98A2F4B2B1EC00B005459DC /* toy_car.usdz in Resources */,
				F98A2F432B1EBEBD005459DC /* JCUBE_Maneki.usdz in Resources */,
				F98A2F4D2B1EC01B005459DC /* toy_biplane_idle.usdz in Resources */,
				F98A2F452B1EBEDC005459DC /* maneki_anim.usd in Resources */,
				F98A2F1D2B1E9D89005459DC /* Assets.xcassets in Resources */,
				F98A2F492B1EBFF9005459DC /* toy_drummer_idle.usdz in Resources */,
			);
			runOnlyForDeploymentPostprocessing = 0;
		};
		F98A2F232B1E9D89005459DC /* Resources */ = {
			isa = PBXResourcesBuildPhase;
			buildActionMask = 2147483647;
			files = (
			);
			runOnlyForDeploymentPostprocessing = 0;
		};
		F98A2F2D2B1E9D89005459DC /* Resources */ = {
			isa = PBXResourcesBuildPhase;
			buildActionMask = 2147483647;
			files = (
			);
			runOnlyForDeploymentPostprocessing = 0;
		};
/* End PBXResourcesBuildPhase section */

/* Begin PBXSourcesBuildPhase section */
		F98A2F112B1E9D88005459DC /* Sources */ = {
			isa = PBXSourcesBuildPhase;
			buildActionMask = 2147483647;
			files = (
				F98A2F1B2B1E9D88005459DC /* ContentView.swift in Sources */,
				F98A2F192B1E9D88005459DC /* AppDelegate.swift in Sources */,
			);
			runOnlyForDeploymentPostprocessing = 0;
		};
		F98A2F212B1E9D89005459DC /* Sources */ = {
			isa = PBXSourcesBuildPhase;
			buildActionMask = 2147483647;
			files = (
				F98A2F2A2B1E9D89005459DC /* ARPetsTests.swift in Sources */,
			);
			runOnlyForDeploymentPostprocessing = 0;
		};
		F98A2F2B2B1E9D89005459DC /* Sources */ = {
			isa = PBXSourcesBuildPhase;
			buildActionMask = 2147483647;
			files = (
				F98A2F342B1E9D89005459DC /* ARPetsUITests.swift in Sources */,
				F98A2F362B1E9D89005459DC /* ARPetsUITestsLaunchTests.swift in Sources */,
			);
			runOnlyForDeploymentPostprocessing = 0;
		};
/* End PBXSourcesBuildPhase section */

/* Begin PBXTargetDependency section */
		F98A2F272B1E9D89005459DC /* PBXTargetDependency */ = {
			isa = PBXTargetDependency;
			target = F98A2F142B1E9D88005459DC /* ARPets */;
			targetProxy = F98A2F262B1E9D89005459DC /* PBXContainerItemProxy */;
		};
		F98A2F312B1E9D89005459DC /* PBXTargetDependency */ = {
			isa = PBXTargetDependency;
			target = F98A2F142B1E9D88005459DC /* ARPets */;
			targetProxy = F98A2F302B1E9D89005459DC /* PBXContainerItemProxy */;
		};
/* End PBXTargetDependency section */

/* Begin XCBuildConfiguration section */
		F98A2F372B1E9D89005459DC /* Debug */ = {
			isa = XCBuildConfiguration;
			buildSettings = {
				ALWAYS_SEARCH_USER_PATHS = NO;
				ASSETCATALOG_COMPILER_GENERATE_SWIFT_ASSET_SYMBOL_EXTENSIONS = YES;
				CLANG_ANALYZER_NONNULL = YES;
				CLANG_ANALYZER_NUMBER_OBJECT_CONVERSION = YES_AGGRESSIVE;
				CLANG_CXX_LANGUAGE_STANDARD = "gnu++20";
				CLANG_ENABLE_MODULES = YES;
				CLANG_ENABLE_OBJC_ARC = YES;
				CLANG_ENABLE_OBJC_WEAK = YES;
				CLANG_WARN_BLOCK_CAPTURE_AUTORELEASING = YES;
				CLANG_WARN_BOOL_CONVERSION = YES;
				CLANG_WARN_COMMA = YES;
				CLANG_WARN_CONSTANT_CONVERSION = YES;
				CLANG_WARN_DEPRECATED_OBJC_IMPLEMENTATIONS = YES;
				CLANG_WARN_DIRECT_OBJC_ISA_USAGE = YES_ERROR;
				CLANG_WARN_DOCUMENTATION_COMMENTS = YES;
				CLANG_WARN_EMPTY_BODY = YES;
				CLANG_WARN_ENUM_CONVERSION = YES;
				CLANG_WARN_INFINITE_RECURSION = YES;
				CLANG_WARN_INT_CONVERSION = YES;
				CLANG_WARN_NON_LITERAL_NULL_CONVERSION = YES;
				CLANG_WARN_OBJC_IMPLICIT_RETAIN_SELF = YES;
				CLANG_WARN_OBJC_LITERAL_CONVERSION = YES;
				CLANG_WARN_OBJC_ROOT_CLASS = YES_ERROR;
				CLANG_WARN_QUOTED_INCLUDE_IN_FRAMEWORK_HEADER = YES;
				CLANG_WARN_RANGE_LOOP_ANALYSIS = YES;
				CLANG_WARN_STRICT_PROTOTYPES = YES;
				CLANG_WARN_SUSPICIOUS_MOVE = YES;
				CLANG_WARN_UNGUARDED_AVAILABILITY = YES_AGGRESSIVE;
				CLANG_WARN_UNREACHABLE_CODE = YES;
				CLANG_WARN__DUPLICATE_METHOD_MATCH = YES;
				COPY_PHASE_STRIP = NO;
				DEBUG_INFORMATION_FORMAT = dwarf;
				ENABLE_STRICT_OBJC_MSGSEND = YES;
				ENABLE_TESTABILITY = YES;
				ENABLE_USER_SCRIPT_SANDBOXING = YES;
				GCC_C_LANGUAGE_STANDARD = gnu17;
				GCC_DYNAMIC_NO_PIC = NO;
				GCC_NO_COMMON_BLOCKS = YES;
				GCC_OPTIMIZATION_LEVEL = 0;
				GCC_PREPROCESSOR_DEFINITIONS = (
					"DEBUG=1",
					"$(inherited)",
				);
				GCC_WARN_64_TO_32_BIT_CONVERSION = YES;
				GCC_WARN_ABOUT_RETURN_TYPE = YES_ERROR;
				GCC_WARN_UNDECLARED_SELECTOR = YES;
				GCC_WARN_UNINITIALIZED_AUTOS = YES_AGGRESSIVE;
				GCC_WARN_UNUSED_FUNCTION = YES;
				GCC_WARN_UNUSED_VARIABLE = YES;
				IPHONEOS_DEPLOYMENT_TARGET = 17.0;
				LOCALIZATION_PREFERS_STRING_CATALOGS = YES;
				MTL_ENABLE_DEBUG_INFO = INCLUDE_SOURCE;
				MTL_FAST_MATH = YES;
				ONLY_ACTIVE_ARCH = YES;
				SDKROOT = iphoneos;
				SWIFT_ACTIVE_COMPILATION_CONDITIONS = "DEBUG $(inherited)";
				SWIFT_OPTIMIZATION_LEVEL = "-Onone";
			};
			name = Debug;
		};
		F98A2F382B1E9D89005459DC /* Release */ = {
			isa = XCBuildConfiguration;
			buildSettings = {
				ALWAYS_SEARCH_USER_PATHS = NO;
				ASSETCATALOG_COMPILER_GENERATE_SWIFT_ASSET_SYMBOL_EXTENSIONS = YES;
				CLANG_ANALYZER_NONNULL = YES;
				CLANG_ANALYZER_NUMBER_OBJECT_CONVERSION = YES_AGGRESSIVE;
				CLANG_CXX_LANGUAGE_STANDARD = "gnu++20";
				CLANG_ENABLE_MODULES = YES;
				CLANG_ENABLE_OBJC_ARC = YES;
				CLANG_ENABLE_OBJC_WEAK = YES;
				CLANG_WARN_BLOCK_CAPTURE_AUTORELEASING = YES;
				CLANG_WARN_BOOL_CONVERSION = YES;
				CLANG_WARN_COMMA = YES;
				CLANG_WARN_CONSTANT_CONVERSION = YES;
				CLANG_WARN_DEPRECATED_OBJC_IMPLEMENTATIONS = YES;
				CLANG_WARN_DIRECT_OBJC_ISA_USAGE = YES_ERROR;
				CLANG_WARN_DOCUMENTATION_COMMENTS = YES;
				CLANG_WARN_EMPTY_BODY = YES;
				CLANG_WARN_ENUM_CONVERSION = YES;
				CLANG_WARN_INFINITE_RECURSION = YES;
				CLANG_WARN_INT_CONVERSION = YES;
				CLANG_WARN_NON_LITERAL_NULL_CONVERSION = YES;
				CLANG_WARN_OBJC_IMPLICIT_RETAIN_SELF = YES;
				CLANG_WARN_OBJC_LITERAL_CONVERSION = YES;
				CLANG_WARN_OBJC_ROOT_CLASS = YES_ERROR;
				CLANG_WARN_QUOTED_INCLUDE_IN_FRAMEWORK_HEADER = YES;
				CLANG_WARN_RANGE_LOOP_ANALYSIS = YES;
				CLANG_WARN_STRICT_PROTOTYPES = YES;
				CLANG_WARN_SUSPICIOUS_MOVE = YES;
				CLANG_WARN_UNGUARDED_AVAILABILITY = YES_AGGRESSIVE;
				CLANG_WARN_UNREACHABLE_CODE = YES;
				CLANG_WARN__DUPLICATE_METHOD_MATCH = YES;
				COPY_PHASE_STRIP = NO;
				DEBUG_INFORMATION_FORMAT = "dwarf-with-dsym";
				ENABLE_NS_ASSERTIONS = NO;
				ENABLE_STRICT_OBJC_MSGSEND = YES;
				ENABLE_USER_SCRIPT_SANDBOXING = YES;
				GCC_C_LANGUAGE_STANDARD = gnu17;
				GCC_NO_COMMON_BLOCKS = YES;
				GCC_WARN_64_TO_32_BIT_CONVERSION = YES;
				GCC_WARN_ABOUT_RETURN_TYPE = YES_ERROR;
				GCC_WARN_UNDECLARED_SELECTOR = YES;
				GCC_WARN_UNINITIALIZED_AUTOS = YES_AGGRESSIVE;
				GCC_WARN_UNUSED_FUNCTION = YES;
				GCC_WARN_UNUSED_VARIABLE = YES;
				IPHONEOS_DEPLOYMENT_TARGET = 17.0;
				LOCALIZATION_PREFERS_STRING_CATALOGS = YES;
				MTL_ENABLE_DEBUG_INFO = NO;
				MTL_FAST_MATH = YES;
				SDKROOT = iphoneos;
				SWIFT_COMPILATION_MODE = wholemodule;
				VALIDATE_PRODUCT = YES;
			};
			name = Release;
		};
		F98A2F3A2B1E9D89005459DC /* Debug */ = {
			isa = XCBuildConfiguration;
			buildSettings = {
				ASSETCATALOG_COMPILER_APPICON_NAME = AppIcon;
				ASSETCATALOG_COMPILER_GLOBAL_ACCENT_COLOR_NAME = AccentColor;
				CODE_SIGN_STYLE = Automatic;
				CURRENT_PROJECT_VERSION = 1;
				DEVELOPMENT_ASSET_PATHS = "\"ARPets/Preview Content\"";
				DEVELOPMENT_TEAM = SBP2RX28CX;
				ENABLE_PREVIEWS = YES;
				GENERATE_INFOPLIST_FILE = YES;
				INFOPLIST_FILE = ARPets/Info.plist;
				INFOPLIST_KEY_LSApplicationCategoryType = "";
				INFOPLIST_KEY_NSCameraUsageDescription = "";
				INFOPLIST_KEY_NSPhotoLibraryAddUsageDescription = "";
				INFOPLIST_KEY_UIApplicationSupportsIndirectInputEvents = YES;
				INFOPLIST_KEY_UILaunchScreen_Generation = YES;
				INFOPLIST_KEY_UIRequiredDeviceCapabilities = arkit;
				INFOPLIST_KEY_UIStatusBarHidden = YES;
				INFOPLIST_KEY_UISupportedInterfaceOrientations_iPad = "UIInterfaceOrientationPortrait UIInterfaceOrientationPortraitUpsideDown UIInterfaceOrientationLandscapeLeft UIInterfaceOrientationLandscapeRight";
				INFOPLIST_KEY_UISupportedInterfaceOrientations_iPhone = "UIInterfaceOrientationPortrait UIInterfaceOrientationLandscapeLeft UIInterfaceOrientationLandscapeRight";
				LD_RUNPATH_SEARCH_PATHS = (
					"$(inherited)",
					"@executable_path/Frameworks",
				);
				MARKETING_VERSION = 1.0;
				PRODUCT_BUNDLE_IDENTIFIER = com.h.ARPets;
				PRODUCT_NAME = "$(TARGET_NAME)";
				SWIFT_EMIT_LOC_STRINGS = YES;
				SWIFT_VERSION = 5.0;
				TARGETED_DEVICE_FAMILY = "1,2";
			};
			name = Debug;
		};
		F98A2F3B2B1E9D89005459DC /* Release */ = {
			isa = XCBuildConfiguration;
			buildSettings = {
				ASSETCATALOG_COMPILER_APPICON_NAME = AppIcon;
				ASSETCATALOG_COMPILER_GLOBAL_ACCENT_COLOR_NAME = AccentColor;
				CODE_SIGN_STYLE = Automatic;
				CURRENT_PROJECT_VERSION = 1;
				DEVELOPMENT_ASSET_PATHS = "\"ARPets/Preview Content\"";
				DEVELOPMENT_TEAM = SBP2RX28CX;
				ENABLE_PREVIEWS = YES;
				GENERATE_INFOPLIST_FILE = YES;
				INFOPLIST_FILE = ARPets/Info.plist;
				INFOPLIST_KEY_LSApplicationCategoryType = "";
				INFOPLIST_KEY_NSCameraUsageDescription = "";
				INFOPLIST_KEY_NSPhotoLibraryAddUsageDescription = "";
				INFOPLIST_KEY_UIApplicationSupportsIndirectInputEvents = YES;
				INFOPLIST_KEY_UILaunchScreen_Generation = YES;
				INFOPLIST_KEY_UIRequiredDeviceCapabilities = arkit;
				INFOPLIST_KEY_UIStatusBarHidden = YES;
				INFOPLIST_KEY_UISupportedInterfaceOrientations_iPad = "UIInterfaceOrientationPortrait UIInterfaceOrientationPortraitUpsideDown UIInterfaceOrientationLandscapeLeft UIInterfaceOrientationLandscapeRight";
				INFOPLIST_KEY_UISupportedInterfaceOrientations_iPhone = "UIInterfaceOrientationPortrait UIInterfaceOrientationLandscapeLeft UIInterfaceOrientationLandscapeRight";
				LD_RUNPATH_SEARCH_PATHS = (
					"$(inherited)",
					"@executable_path/Frameworks",
				);
				MARKETING_VERSION = 1.0;
				PRODUCT_BUNDLE_IDENTIFIER = com.h.ARPets;
				PRODUCT_NAME = "$(TARGET_NAME)";
				SWIFT_EMIT_LOC_STRINGS = YES;
				SWIFT_VERSION = 5.0;
				TARGETED_DEVICE_FAMILY = "1,2";
			};
			name = Release;
		};
		F98A2F3D2B1E9D89005459DC /* Debug */ = {
			isa = XCBuildConfiguration;
			buildSettings = {
				ALWAYS_EMBED_SWIFT_STANDARD_LIBRARIES = YES;
				BUNDLE_LOADER = "$(TEST_HOST)";
				CODE_SIGN_STYLE = Automatic;
				CURRENT_PROJECT_VERSION = 1;
				GENERATE_INFOPLIST_FILE = YES;
				IPHONEOS_DEPLOYMENT_TARGET = 17.0;
				MARKETING_VERSION = 1.0;
				PRODUCT_BUNDLE_IDENTIFIER = com.h.ARPetsTests;
				PRODUCT_NAME = "$(TARGET_NAME)";
				SWIFT_EMIT_LOC_STRINGS = NO;
				SWIFT_VERSION = 5.0;
				TARGETED_DEVICE_FAMILY = "1,2";
				TEST_HOST = "$(BUILT_PRODUCTS_DIR)/ARPets.app/$(BUNDLE_EXECUTABLE_FOLDER_PATH)/ARPets";
			};
			name = Debug;
		};
		F98A2F3E2B1E9D89005459DC /* Release */ = {
			isa = XCBuildConfiguration;
			buildSettings = {
				ALWAYS_EMBED_SWIFT_STANDARD_LIBRARIES = YES;
				BUNDLE_LOADER = "$(TEST_HOST)";
				CODE_SIGN_STYLE = Automatic;
				CURRENT_PROJECT_VERSION = 1;
				GENERATE_INFOPLIST_FILE = YES;
				IPHONEOS_DEPLOYMENT_TARGET = 17.0;
				MARKETING_VERSION = 1.0;
				PRODUCT_BUNDLE_IDENTIFIER = com.h.ARPetsTests;
				PRODUCT_NAME = "$(TARGET_NAME)";
				SWIFT_EMIT_LOC_STRINGS = NO;
				SWIFT_VERSION = 5.0;
				TARGETED_DEVICE_FAMILY = "1,2";
				TEST_HOST = "$(BUILT_PRODUCTS_DIR)/ARPets.app/$(BUNDLE_EXECUTABLE_FOLDER_PATH)/ARPets";
			};
			name = Release;
		};
		F98A2F402B1E9D89005459DC /* Debug */ = {
			isa = XCBuildConfiguration;
			buildSettings = {
				ALWAYS_EMBED_SWIFT_STANDARD_LIBRARIES = YES;
				CODE_SIGN_STYLE = Automatic;
				CURRENT_PROJECT_VERSION = 1;
				GENERATE_INFOPLIST_FILE = YES;
				MARKETING_VERSION = 1.0;
				PRODUCT_BUNDLE_IDENTIFIER = com.h.ARPetsUITests;
				PRODUCT_NAME = "$(TARGET_NAME)";
				SWIFT_EMIT_LOC_STRINGS = NO;
				SWIFT_VERSION = 5.0;
				TARGETED_DEVICE_FAMILY = "1,2";
				TEST_TARGET_NAME = ARPets;
			};
			name = Debug;
		};
		F98A2F412B1E9D89005459DC /* Release */ = {
			isa = XCBuildConfiguration;
			buildSettings = {
				ALWAYS_EMBED_SWIFT_STANDARD_LIBRARIES = YES;
				CODE_SIGN_STYLE = Automatic;
				CURRENT_PROJECT_VERSION = 1;
				GENERATE_INFOPLIST_FILE = YES;
				MARKETING_VERSION = 1.0;
				PRODUCT_BUNDLE_IDENTIFIER = com.h.ARPetsUITests;
				PRODUCT_NAME = "$(TARGET_NAME)";
				SWIFT_EMIT_LOC_STRINGS = NO;
				SWIFT_VERSION = 5.0;
				TARGETED_DEVICE_FAMILY = "1,2";
				TEST_TARGET_NAME = ARPets;
			};
			name = Release;
		};
/* End XCBuildConfiguration section */

/* Begin XCConfigurationList section */
		F98A2F102B1E9D88005459DC /* Build configuration list for PBXProject "ARPets" */ = {
			isa = XCConfigurationList;
			buildConfigurations = (
				F98A2F372B1E9D89005459DC /* Debug */,
				F98A2F382B1E9D89005459DC /* Release */,
			);
			defaultConfigurationIsVisible = 0;
			defaultConfigurationName = Release;
		};
		F98A2F392B1E9D89005459DC /* Build configuration list for PBXNativeTarget "ARPets" */ = {
			isa = XCConfigurationList;
			buildConfigurations = (
				F98A2F3A2B1E9D89005459DC /* Debug */,
				F98A2F3B2B1E9D89005459DC /* Release */,
			);
			defaultConfigurationIsVisible = 0;
			defaultConfigurationName = Release;
		};
		F98A2F3C2B1E9D89005459DC /* Build configuration list for PBXNativeTarget "ARPetsTests" */ = {
			isa = XCConfigurationList;
			buildConfigurations = (
				F98A2F3D2B1E9D89005459DC /* Debug */,
				F98A2F3E2B1E9D89005459DC /* Release */,
			);
			defaultConfigurationIsVisible = 0;
			defaultConfigurationName = Release;
		};
		F98A2F3F2B1E9D89005459DC /* Build configuration list for PBXNativeTarget "ARPetsUITests" */ = {
			isa = XCConfigurationList;
			buildConfigurations = (
				F98A2F402B1E9D89005459DC /* Debug */,
				F98A2F412B1E9D89005459DC /* Release */,
			);
			defaultConfigurationIsVisible = 0;
			defaultConfigurationName = Release;
		};
/* End XCConfigurationList section */
	};
	rootObject = F98A2F0D2B1E9D88005459DC /* Project object */;
}
